
Microsoft Visual Studio Solution File, Format Version 12.00
# Visual Studio Version 17
VisualStudioVersion = 17.14.36221.1
MinimumVisualStudioVersion = 10.0.40219.1
Project("{FAE04EC0-301F-11D3-BF4B-00C04F79EFBC}") = "C Project", "C Project\C Project.csproj", "{D45B49EF-65A0-4990-81B3-60F3410F5386}"
EndProject
Global
	GlobalSection(SolutionConfigurationPlatforms) = preSolution
		Debug|Any CPU = Debug|Any CPU
		Release|Any CPU = Release|Any CPU
	EndGlobalSection
	GlobalSection(ProjectConfigurationPlatforms) = postSolution
		{D45B49EF-65A0-4990-81B3-60F3410F5386}.Debug|Any CPU.ActiveCfg = Debug|Any CPU
		{D45B49EF-65A0-4990-81B3-60F3410F5386}.Debug|Any CPU.Build.0 = Debug|Any CPU
		{D45B49EF-65A0-4990-81B3-60F3410F5386}.Release|Any CPU.ActiveCfg = Release|Any CPU
		{D45B49EF-65A0-4990-81B3-60F3410F5386}.Release|Any CPU.Build.0 = Release|Any CPU
	EndGlobalSection
	GlobalSection(SolutionProperties) = preSolution
		HideSolutionNode = FALSE
	EndGlobalSection
	GlobalSection(ExtensibilityGlobals) = postSolution
		SolutionGuid = {46859CDF-2D16-4389-8AD1-0854ADC66199}
	EndGlobalSection
EndGlobal
