
Microsoft Visual Studio Solution File, Format Version 12.00
# Visual Studio Version 17
VisualStudioVersion = 17.14.36221.1 d17.14
MinimumVisualStudioVersion = 10.0.40219.1
Project("{FAE04EC0-301F-11D3-BF4B-00C04F79EFBC}") = "mes study", "mes study\mes study.csproj", "{911872EE-33C1-47F1-B9F7-B1D3951B5265}"
EndProject
Global
	GlobalSection(SolutionConfigurationPlatforms) = preSolution
		Debug|Any CPU = Debug|Any CPU
		Release|Any CPU = Release|Any CPU
	EndGlobalSection
	GlobalSection(ProjectConfigurationPlatforms) = postSolution
		{911872EE-33C1-47F1-B9F7-B1D3951B5265}.Debug|Any CPU.ActiveCfg = Debug|Any CPU
		{911872EE-33C1-47F1-B9F7-B1D3951B5265}.Debug|Any CPU.Build.0 = Debug|Any CPU
		{911872EE-33C1-47F1-B9F7-B1D3951B5265}.Release|Any CPU.ActiveCfg = Release|Any CPU
		{911872EE-33C1-47F1-B9F7-B1D3951B5265}.Release|Any CPU.Build.0 = Release|Any CPU
	EndGlobalSection
	GlobalSection(SolutionProperties) = preSolution
		HideSolutionNode = FALSE
	EndGlobalSection
	GlobalSection(ExtensibilityGlobals) = postSolution
		SolutionGuid = {E82BF44D-82CF-4DE0-BB09-E4DC125822C6}
	EndGlobalSection
EndGlobal
